// !$*UTF8*$!
{
	archiveVersion = 1;
	classes = {
	};
	objectVersion = 56;
	objects = {

/* Begin PBXBuildFile section */
		BA9E1C9D2DA0E04800CC6B67 /* iNeedFoodApp.swift in Sources */ = {isa = PBXBuildFile; fileRef = BA9E1C9C2DA0E04800CC6B67 /* iNeedFoodApp.swift */; };
		BA9E1C9F2DA0E04800CC6B67 /* DefaultView.swift in Sources */ = {isa = PBXBuildFile; fileRef = BA9E1C9E2DA0E04800CC6B67 /* DefaultView.swift */; };
		BA9E1CA32DA0E04A00CC6B67 /* Assets.xcassets in Resources */ = {isa = PBXBuildFile; fileRef = BA9E1CA22DA0E04A00CC6B67 /* Assets.xcassets */; };
		BA9E1CA62DA0E04A00CC6B67 /* Preview Assets.xcassets in Resources */ = {isa = PBXBuildFile; fileRef = BA9E1CA52DA0E04A00CC6B67 /* Preview Assets.xcassets */; };
		BA9E1CB22DA0E04A00CC6B67 /* iNeedFoodTests.swift in Sources */ = {isa = PBXBuildFile; fileRef = BA9E1CB12DA0E04A00CC6B67 /* iNeedFoodTests.swift */; };
		BA9E1CBC2DA0E04A00CC6B67 /* iNeedFoodUITests.swift in Sources */ = {isa = PBXBuildFile; fileRef = BA9E1CBB2DA0E04A00CC6B67 /* iNeedFoodUITests.swift */; };
		BA9E1CBE2DA0E04A00CC6B67 /* iNeedFoodUITestsLaunchTests.swift in Sources */ = {isa = PBXBuildFile; fileRef = BA9E1CBD2DA0E04A00CC6B67 /* iNeedFoodUITestsLaunchTests.swift */; };
		BA9E1CCD2DA1005700CC6B67 /* DatabaseStuff.swift in Sources */ = {isa = PBXBuildFile; fileRef = BA9E1CCC2DA1005700CC6B67 /* DatabaseStuff.swift */; };
		BADDA27F2DA1C07700394918 /* StoreViewModel.swift in Sources */ = {isa = PBXBuildFile; fileRef = BADDA27E2DA1C07700394918 /* StoreViewModel.swift */; };
		BADDA2812DA1C5D800394918 /* StoreView.swift in Sources */ = {isa = PBXBuildFile; fileRef = BADDA2802DA1C5D800394918 /* StoreView.swift */; };
		BADDA2832DA1C84900394918 /* UNR.db in Resources */ = {isa = PBXBuildFile; fileRef = BADDA2822DA1C84900394918 /* UNR.db */; };
		BADDA2852DA1CBAA00394918 /* StoreListView.swift in Sources */ = {isa = PBXBuildFile; fileRef = BADDA2842DA1CBAA00394918 /* StoreListView.swift */; };
		BADDA2872DA1E03700394918 /* ItemViewModel.swift in Sources */ = {isa = PBXBuildFile; fileRef = BADDA2862DA1E03700394918 /* ItemViewModel.swift */; };
		BADDA28B2DA1EB0700394918 /* MapView.swift in Sources */ = {isa = PBXBuildFile; fileRef = BADDA28A2DA1EB0700394918 /* MapView.swift */; };
		BADDA28D2DA265D900394918 /* StoreMapView.swift in Sources */ = {isa = PBXBuildFile; fileRef = BADDA28C2DA265D900394918 /* StoreMapView.swift */; };
/* End PBXBuildFile section */

/* Begin PBXContainerItemProxy section */
		BA9E1CAE2DA0E04A00CC6B67 /* PBXContainerItemProxy */ = {
			isa = PBXContainerItemProxy;
			containerPortal = BA9E1C912DA0E04800CC6B67 /* Project object */;
			proxyType = 1;
			remoteGlobalIDString = BA9E1C982DA0E04800CC6B67;
			remoteInfo = iNeedFood;
		};
		BA9E1CB82DA0E04A00CC6B67 /* PBXContainerItemProxy */ = {
			isa = PBXContainerItemProxy;
			containerPortal = BA9E1C912DA0E04800CC6B67 /* Project object */;
			proxyType = 1;
			remoteGlobalIDString = BA9E1C982DA0E04800CC6B67;
			remoteInfo = iNeedFood;
		};
/* End PBXContainerItemProxy section */

/* Begin PBXFileReference section */
		BA9E1C992DA0E04800CC6B67 /* iNeedFood.app */ = {isa = PBXFileReference; explicitFileType = wrapper.application; includeInIndex = 0; path = iNeedFood.app; sourceTree = BUILT_PRODUCTS_DIR; };
		BA9E1C9C2DA0E04800CC6B67 /* iNeedFoodApp.swift */ = {isa = PBXFileReference; lastKnownFileType = sourcecode.swift; path = iNeedFoodApp.swift; sourceTree = "<group>"; };
		BA9E1C9E2DA0E04800CC6B67 /* DefaultView.swift */ = {isa = PBXFileReference; lastKnownFileType = sourcecode.swift; path = DefaultView.swift; sourceTree = "<group>"; };
		BA9E1CA22DA0E04A00CC6B67 /* Assets.xcassets */ = {isa = PBXFileReference; lastKnownFileType = folder.assetcatalog; path = Assets.xcassets; sourceTree = "<group>"; };
		BA9E1CA52DA0E04A00CC6B67 /* Preview Assets.xcassets */ = {isa = PBXFileReference; lastKnownFileType = folder.assetcatalog; path = "Preview Assets.xcassets"; sourceTree = "<group>"; };
		BA9E1CA72DA0E04A00CC6B67 /* iNeedFood.entitlements */ = {isa = PBXFileReference; lastKnownFileType = text.plist.entitlements; path = iNeedFood.entitlements; sourceTree = "<group>"; };
		BA9E1CA82DA0E04A00CC6B67 /* Info.plist */ = {isa = PBXFileReference; lastKnownFileType = text.plist.xml; path = Info.plist; sourceTree = "<group>"; };
		BA9E1CAD2DA0E04A00CC6B67 /* iNeedFoodTests.xctest */ = {isa = PBXFileReference; explicitFileType = wrapper.cfbundle; includeInIndex = 0; path = iNeedFoodTests.xctest; sourceTree = BUILT_PRODUCTS_DIR; };
		BA9E1CB12DA0E04A00CC6B67 /* iNeedFoodTests.swift */ = {isa = PBXFileReference; lastKnownFileType = sourcecode.swift; path = iNeedFoodTests.swift; sourceTree = "<group>"; };
		BA9E1CB72DA0E04A00CC6B67 /* iNeedFoodUITests.xctest */ = {isa = PBXFileReference; explicitFileType = wrapper.cfbundle; includeInIndex = 0; path = iNeedFoodUITests.xctest; sourceTree = BUILT_PRODUCTS_DIR; };
		BA9E1CBB2DA0E04A00CC6B67 /* iNeedFoodUITests.swift */ = {isa = PBXFileReference; lastKnownFileType = sourcecode.swift; path = iNeedFoodUITests.swift; sourceTree = "<group>"; };
		BA9E1CBD2DA0E04A00CC6B67 /* iNeedFoodUITestsLaunchTests.swift */ = {isa = PBXFileReference; lastKnownFileType = sourcecode.swift; path = iNeedFoodUITestsLaunchTests.swift; sourceTree = "<group>"; };
		BA9E1CCC2DA1005700CC6B67 /* DatabaseStuff.swift */ = {isa = PBXFileReference; lastKnownFileType = sourcecode.swift; path = DatabaseStuff.swift; sourceTree = "<group>"; };
		BADDA27E2DA1C07700394918 /* StoreViewModel.swift */ = {isa = PBXFileReference; lastKnownFileType = sourcecode.swift; path = StoreViewModel.swift; sourceTree = "<group>"; };
		BADDA2802DA1C5D800394918 /* StoreView.swift */ = {isa = PBXFileReference; lastKnownFileType = sourcecode.swift; path = StoreView.swift; sourceTree = "<group>"; };
		BADDA2822DA1C84900394918 /* UNR.db */ = {isa = PBXFileReference; lastKnownFileType = file; name = UNR.db; path = iNeedFood/Resources/UNR.db; sourceTree = SOURCE_ROOT; };
		BADDA2842DA1CBAA00394918 /* StoreListView.swift */ = {isa = PBXFileReference; lastKnownFileType = sourcecode.swift; path = StoreListView.swift; sourceTree = "<group>"; };
		BADDA2862DA1E03700394918 /* ItemViewModel.swift */ = {isa = PBXFileReference; lastKnownFileType = sourcecode.swift; path = ItemViewModel.swift; sourceTree = "<group>"; };
		BADDA28A2DA1EB0700394918 /* MapView.swift */ = {isa = PBXFileReference; lastKnownFileType = sourcecode.swift; path = MapView.swift; sourceTree = "<group>"; };
		BADDA28C2DA265D900394918 /* StoreMapView.swift */ = {isa = PBXFileReference; lastKnownFileType = sourcecode.swift; path = StoreMapView.swift; sourceTree = "<group>"; };
/* End PBXFileReference section */

/* Begin PBXFrameworksBuildPhase section */
		BA9E1C962DA0E04800CC6B67 /* Frameworks */ = {
			isa = PBXFrameworksBuildPhase;
			buildActionMask = 2147483647;
			files = (
			);
			runOnlyForDeploymentPostprocessing = 0;
		};
		BA9E1CAA2DA0E04A00CC6B67 /* Frameworks */ = {
			isa = PBXFrameworksBuildPhase;
			buildActionMask = 2147483647;
			files = (
			);
			runOnlyForDeploymentPostprocessing = 0;
		};
		BA9E1CB42DA0E04A00CC6B67 /* Frameworks */ = {
			isa = PBXFrameworksBuildPhase;
			buildActionMask = 2147483647;
			files = (
			);
			runOnlyForDeploymentPostprocessing = 0;
		};
/* End PBXFrameworksBuildPhase section */

/* Begin PBXGroup section */
		BA9E1C902DA0E04800CC6B67 = {
			isa = PBXGroup;
			children = (
				BA9E1C9B2DA0E04800CC6B67 /* iNeedFood */,
				BA9E1CB02DA0E04A00CC6B67 /* iNeedFoodTests */,
				BA9E1CBA2DA0E04A00CC6B67 /* iNeedFoodUITests */,
				BA9E1C9A2DA0E04800CC6B67 /* Products */,
			);
			sourceTree = "<group>";
		};
		BA9E1C9A2DA0E04800CC6B67 /* Products */ = {
			isa = PBXGroup;
			children = (
				BA9E1C992DA0E04800CC6B67 /* iNeedFood.app */,
				BA9E1CAD2DA0E04A00CC6B67 /* iNeedFoodTests.xctest */,
				BA9E1CB72DA0E04A00CC6B67 /* iNeedFoodUITests.xctest */,
			);
			name = Products;
			sourceTree = "<group>";
		};
		BA9E1C9B2DA0E04800CC6B67 /* iNeedFood */ = {
			isa = PBXGroup;
			children = (
				BA9E1C9C2DA0E04800CC6B67 /* iNeedFoodApp.swift */,
				BA9E1CCC2DA1005700CC6B67 /* DatabaseStuff.swift */,
				BADDA27C2DA1C03B00394918 /* ViewModels */,
				BADDA27D2DA1C04500394918 /* Resources */,
				BADDA27B2DA1C02900394918 /* Views */,
				BA9E1CA72DA0E04A00CC6B67 /* iNeedFood.entitlements */,
				BA9E1CA82DA0E04A00CC6B67 /* Info.plist */,
				BA9E1CA42DA0E04A00CC6B67 /* Preview Content */,
			);
			path = iNeedFood;
			sourceTree = "<group>";
		};
		BA9E1CA42DA0E04A00CC6B67 /* Preview Content */ = {
			isa = PBXGroup;
			children = (
				BA9E1CA52DA0E04A00CC6B67 /* Preview Assets.xcassets */,
			);
			path = "Preview Content";
			sourceTree = "<group>";
		};
		BA9E1CB02DA0E04A00CC6B67 /* iNeedFoodTests */ = {
			isa = PBXGroup;
			children = (
				BA9E1CB12DA0E04A00CC6B67 /* iNeedFoodTests.swift */,
			);
			path = iNeedFoodTests;
			sourceTree = "<group>";
		};
		BA9E1CBA2DA0E04A00CC6B67 /* iNeedFoodUITests */ = {
			isa = PBXGroup;
			children = (
				BA9E1CBB2DA0E04A00CC6B67 /* iNeedFoodUITests.swift */,
				BA9E1CBD2DA0E04A00CC6B67 /* iNeedFoodUITestsLaunchTests.swift */,
			);
			path = iNeedFoodUITests;
			sourceTree = "<group>";
		};
		BADDA27B2DA1C02900394918 /* Views */ = {
			isa = PBXGroup;
			children = (
				BA9E1C9E2DA0E04800CC6B67 /* DefaultView.swift */,
				BADDA28C2DA265D900394918 /* StoreMapView.swift */,
				BADDA28A2DA1EB0700394918 /* MapView.swift */,
				BADDA2802DA1C5D800394918 /* StoreView.swift */,
				BADDA2842DA1CBAA00394918 /* StoreListView.swift */,
			);
			path = Views;
			sourceTree = "<group>";
		};
		BADDA27C2DA1C03B00394918 /* ViewModels */ = {
			isa = PBXGroup;
			children = (
				BADDA27E2DA1C07700394918 /* StoreViewModel.swift */,
				BADDA2862DA1E03700394918 /* ItemViewModel.swift */,
			);
			path = ViewModels;
			sourceTree = "<group>";
		};
		BADDA27D2DA1C04500394918 /* Resources */ = {
			isa = PBXGroup;
			children = (
				BADDA2822DA1C84900394918 /* UNR.db */,
				BA9E1CA22DA0E04A00CC6B67 /* Assets.xcassets */,
			);
			path = Resources;
			sourceTree = "<group>";
		};
/* End PBXGroup section */

/* Begin PBXNativeTarget section */
		BA9E1C982DA0E04800CC6B67 /* iNeedFood */ = {
			isa = PBXNativeTarget;
			buildConfigurationList = BA9E1CC12DA0E04A00CC6B67 /* Build configuration list for PBXNativeTarget "iNeedFood" */;
			buildPhases = (
				BA9E1C952DA0E04800CC6B67 /* Sources */,
				BA9E1C962DA0E04800CC6B67 /* Frameworks */,
				BA9E1C972DA0E04800CC6B67 /* Resources */,
			);
			buildRules = (
			);
			dependencies = (
			);
			name = iNeedFood;
			productName = iNeedFood;
			productReference = BA9E1C992DA0E04800CC6B67 /* iNeedFood.app */;
			productType = "com.apple.product-type.application";
		};
		BA9E1CAC2DA0E04A00CC6B67 /* iNeedFoodTests */ = {
			isa = PBXNativeTarget;
			buildConfigurationList = BA9E1CC42DA0E04A00CC6B67 /* Build configuration list for PBXNativeTarget "iNeedFoodTests" */;
			buildPhases = (
				BA9E1CA92DA0E04A00CC6B67 /* Sources */,
				BA9E1CAA2DA0E04A00CC6B67 /* Frameworks */,
				BA9E1CAB2DA0E04A00CC6B67 /* Resources */,
			);
			buildRules = (
			);
			dependencies = (
				BA9E1CAF2DA0E04A00CC6B67 /* PBXTargetDependency */,
			);
			name = iNeedFoodTests;
			productName = iNeedFoodTests;
			productReference = BA9E1CAD2DA0E04A00CC6B67 /* iNeedFoodTests.xctest */;
			productType = "com.apple.product-type.bundle.unit-test";
		};
		BA9E1CB62DA0E04A00CC6B67 /* iNeedFoodUITests */ = {
			isa = PBXNativeTarget;
			buildConfigurationList = BA9E1CC72DA0E04A00CC6B67 /* Build configuration list for PBXNativeTarget "iNeedFoodUITests" */;
			buildPhases = (
				BA9E1CB32DA0E04A00CC6B67 /* Sources */,
				BA9E1CB42DA0E04A00CC6B67 /* Frameworks */,
				BA9E1CB52DA0E04A00CC6B67 /* Resources */,
			);
			buildRules = (
			);
			dependencies = (
				BA9E1CB92DA0E04A00CC6B67 /* PBXTargetDependency */,
			);
			name = iNeedFoodUITests;
			productName = iNeedFoodUITests;
			productReference = BA9E1CB72DA0E04A00CC6B67 /* iNeedFoodUITests.xctest */;
			productType = "com.apple.product-type.bundle.ui-testing";
		};
/* End PBXNativeTarget section */

/* Begin PBXProject section */
		BA9E1C912DA0E04800CC6B67 /* Project object */ = {
			isa = PBXProject;
			attributes = {
				BuildIndependentTargetsInParallel = 1;
				LastSwiftUpdateCheck = 1520;
				LastUpgradeCheck = 1520;
				TargetAttributes = {
					BA9E1C982DA0E04800CC6B67 = {
						CreatedOnToolsVersion = 15.2;
					};
					BA9E1CAC2DA0E04A00CC6B67 = {
						CreatedOnToolsVersion = 15.2;
						TestTargetID = BA9E1C982DA0E04800CC6B67;
					};
					BA9E1CB62DA0E04A00CC6B67 = {
						CreatedOnToolsVersion = 15.2;
						TestTargetID = BA9E1C982DA0E04800CC6B67;
					};
				};
			};
			buildConfigurationList = BA9E1C942DA0E04800CC6B67 /* Build configuration list for PBXProject "iNeedFood" */;
			compatibilityVersion = "Xcode 14.0";
			developmentRegion = en;
			hasScannedForEncodings = 0;
			knownRegions = (
				en,
				Base,
			);
			mainGroup = BA9E1C902DA0E04800CC6B67;
			productRefGroup = BA9E1C9A2DA0E04800CC6B67 /* Products */;
			projectDirPath = "";
			projectRoot = "";
			targets = (
				BA9E1C982DA0E04800CC6B67 /* iNeedFood */,
				BA9E1CAC2DA0E04A00CC6B67 /* iNeedFoodTests */,
				BA9E1CB62DA0E04A00CC6B67 /* iNeedFoodUITests */,
			);
		};
/* End PBXProject section */

/* Begin PBXResourcesBuildPhase section */
		BA9E1C972DA0E04800CC6B67 /* Resources */ = {
			isa = PBXResourcesBuildPhase;
			buildActionMask = 2147483647;
			files = (
				BADDA2832DA1C84900394918 /* UNR.db in Resources */,
				BA9E1CA62DA0E04A00CC6B67 /* Preview Assets.xcassets in Resources */,
				BA9E1CA32DA0E04A00CC6B67 /* Assets.xcassets in Resources */,
			);
			runOnlyForDeploymentPostprocessing = 0;
		};
		BA9E1CAB2DA0E04A00CC6B67 /* Resources */ = {
			isa = PBXResourcesBuildPhase;
			buildActionMask = 2147483647;
			files = (
			);
			runOnlyForDeploymentPostprocessing = 0;
		};
		BA9E1CB52DA0E04A00CC6B67 /* Resources */ = {
			isa = PBXResourcesBuildPhase;
			buildActionMask = 2147483647;
			files = (
			);
			runOnlyForDeploymentPostprocessing = 0;
		};
/* End PBXResourcesBuildPhase section */

/* Begin PBXSourcesBuildPhase section */
		BA9E1C952DA0E04800CC6B67 /* Sources */ = {
			isa = PBXSourcesBuildPhase;
			buildActionMask = 2147483647;
			files = (
				BADDA27F2DA1C07700394918 /* StoreViewModel.swift in Sources */,
				BADDA28B2DA1EB0700394918 /* MapView.swift in Sources */,
				BA9E1C9F2DA0E04800CC6B67 /* DefaultView.swift in Sources */,
				BADDA2852DA1CBAA00394918 /* StoreListView.swift in Sources */,
				BADDA2872DA1E03700394918 /* ItemViewModel.swift in Sources */,
				BA9E1CCD2DA1005700CC6B67 /* DatabaseStuff.swift in Sources */,
				BADDA28D2DA265D900394918 /* StoreMapView.swift in Sources */,
				BADDA2812DA1C5D800394918 /* StoreView.swift in Sources */,
				BA9E1C9D2DA0E04800CC6B67 /* iNeedFoodApp.swift in Sources */,
			);
			runOnlyForDeploymentPostprocessing = 0;
		};
		BA9E1CA92DA0E04A00CC6B67 /* Sources */ = {
			isa = PBXSourcesBuildPhase;
			buildActionMask = 2147483647;
			files = (
				BA9E1CB22DA0E04A00CC6B67 /* iNeedFoodTests.swift in Sources */,
			);
			runOnlyForDeploymentPostprocessing = 0;
		};
		BA9E1CB32DA0E04A00CC6B67 /* Sources */ = {
			isa = PBXSourcesBuildPhase;
			buildActionMask = 2147483647;
			files = (
				BA9E1CBE2DA0E04A00CC6B67 /* iNeedFoodUITestsLaunchTests.swift in Sources */,
				BA9E1CBC2DA0E04A00CC6B67 /* iNeedFoodUITests.swift in Sources */,
			);
			runOnlyForDeploymentPostprocessing = 0;
		};
/* End PBXSourcesBuildPhase section */

/* Begin PBXTargetDependency section */
		BA9E1CAF2DA0E04A00CC6B67 /* PBXTargetDependency */ = {
			isa = PBXTargetDependency;
			target = BA9E1C982DA0E04800CC6B67 /* iNeedFood */;
			targetProxy = BA9E1CAE2DA0E04A00CC6B67 /* PBXContainerItemProxy */;
		};
		BA9E1CB92DA0E04A00CC6B67 /* PBXTargetDependency */ = {
			isa = PBXTargetDependency;
			target = BA9E1C982DA0E04800CC6B67 /* iNeedFood */;
			targetProxy = BA9E1CB82DA0E04A00CC6B67 /* PBXContainerItemProxy */;
		};
/* End PBXTargetDependency section */

/* Begin XCBuildConfiguration section */
		BA9E1CBF2DA0E04A00CC6B67 /* Debug */ = {
			isa = XCBuildConfiguration;
			buildSettings = {
				ALWAYS_SEARCH_USER_PATHS = NO;
				ASSETCATALOG_COMPILER_GENERATE_SWIFT_ASSET_SYMBOL_EXTENSIONS = YES;
				CLANG_ANALYZER_NONNULL = YES;
				CLANG_ANALYZER_NUMBER_OBJECT_CONVERSION = YES_AGGRESSIVE;
				CLANG_CXX_LANGUAGE_STANDARD = "gnu++20";
				CLANG_ENABLE_MODULES = YES;
				CLANG_ENABLE_OBJC_ARC = YES;
				CLANG_ENABLE_OBJC_WEAK = YES;
				CLANG_WARN_BLOCK_CAPTURE_AUTORELEASING = YES;
				CLANG_WARN_BOOL_CONVERSION = YES;
				CLANG_WARN_COMMA = YES;
				CLANG_WARN_CONSTANT_CONVERSION = YES;
				CLANG_WARN_DEPRECATED_OBJC_IMPLEMENTATIONS = YES;
				CLANG_WARN_DIRECT_OBJC_ISA_USAGE = YES_ERROR;
				CLANG_WARN_DOCUMENTATION_COMMENTS = YES;
				CLANG_WARN_EMPTY_BODY = YES;
				CLANG_WARN_ENUM_CONVERSION = YES;
				CLANG_WARN_INFINITE_RECURSION = YES;
				CLANG_WARN_INT_CONVERSION = YES;
				CLANG_WARN_NON_LITERAL_NULL_CONVERSION = YES;
				CLANG_WARN_OBJC_IMPLICIT_RETAIN_SELF = YES;
				CLANG_WARN_OBJC_LITERAL_CONVERSION = YES;
				CLANG_WARN_OBJC_ROOT_CLASS = YES_ERROR;
				CLANG_WARN_QUOTED_INCLUDE_IN_FRAMEWORK_HEADER = YES;
				CLANG_WARN_RANGE_LOOP_ANALYSIS = YES;
				CLANG_WARN_STRICT_PROTOTYPES = YES;
				CLANG_WARN_SUSPICIOUS_MOVE = YES;
				CLANG_WARN_UNGUARDED_AVAILABILITY = YES_AGGRESSIVE;
				CLANG_WARN_UNREACHABLE_CODE = YES;
				CLANG_WARN__DUPLICATE_METHOD_MATCH = YES;
				COPY_PHASE_STRIP = NO;
				DEBUG_INFORMATION_FORMAT = dwarf;
				ENABLE_STRICT_OBJC_MSGSEND = YES;
				ENABLE_TESTABILITY = YES;
				ENABLE_USER_SCRIPT_SANDBOXING = YES;
				GCC_C_LANGUAGE_STANDARD = gnu17;
				GCC_DYNAMIC_NO_PIC = NO;
				GCC_NO_COMMON_BLOCKS = YES;
				GCC_OPTIMIZATION_LEVEL = 0;
				GCC_PREPROCESSOR_DEFINITIONS = (
					"DEBUG=1",
					"$(inherited)",
				);
				GCC_WARN_64_TO_32_BIT_CONVERSION = YES;
				GCC_WARN_ABOUT_RETURN_TYPE = YES_ERROR;
				GCC_WARN_UNDECLARED_SELECTOR = YES;
				GCC_WARN_UNINITIALIZED_AUTOS = YES_AGGRESSIVE;
				GCC_WARN_UNUSED_FUNCTION = YES;
				GCC_WARN_UNUSED_VARIABLE = YES;
				IPHONEOS_DEPLOYMENT_TARGET = 17.2;
				LOCALIZATION_PREFERS_STRING_CATALOGS = YES;
				MTL_ENABLE_DEBUG_INFO = INCLUDE_SOURCE;
				MTL_FAST_MATH = YES;
				ONLY_ACTIVE_ARCH = YES;
				SDKROOT = iphoneos;
				SWIFT_ACTIVE_COMPILATION_CONDITIONS = "DEBUG $(inherited)";
				SWIFT_OPTIMIZATION_LEVEL = "-Onone";
			};
			name = Debug;
		};
		BA9E1CC02DA0E04A00CC6B67 /* Release */ = {
			isa = XCBuildConfiguration;
			buildSettings = {
				ALWAYS_SEARCH_USER_PATHS = NO;
				ASSETCATALOG_COMPILER_GENERATE_SWIFT_ASSET_SYMBOL_EXTENSIONS = YES;
				CLANG_ANALYZER_NONNULL = YES;
				CLANG_ANALYZER_NUMBER_OBJECT_CONVERSION = YES_AGGRESSIVE;
				CLANG_CXX_LANGUAGE_STANDARD = "gnu++20";
				CLANG_ENABLE_MODULES = YES;
				CLANG_ENABLE_OBJC_ARC = YES;
				CLANG_ENABLE_OBJC_WEAK = YES;
				CLANG_WARN_BLOCK_CAPTURE_AUTORELEASING = YES;
				CLANG_WARN_BOOL_CONVERSION = YES;
				CLANG_WARN_COMMA = YES;
				CLANG_WARN_CONSTANT_CONVERSION = YES;
				CLANG_WARN_DEPRECATED_OBJC_IMPLEMENTATIONS = YES;
				CLANG_WARN_DIRECT_OBJC_ISA_USAGE = YES_ERROR;
				CLANG_WARN_DOCUMENTATION_COMMENTS = YES;
				CLANG_WARN_EMPTY_BODY = YES;
				CLANG_WARN_ENUM_CONVERSION = YES;
				CLANG_WARN_INFINITE_RECURSION = YES;
				CLANG_WARN_INT_CONVERSION = YES;
				CLANG_WARN_NON_LITERAL_NULL_CONVERSION = YES;
				CLANG_WARN_OBJC_IMPLICIT_RETAIN_SELF = YES;
				CLANG_WARN_OBJC_LITERAL_CONVERSION = YES;
				CLANG_WARN_OBJC_ROOT_CLASS = YES_ERROR;
				CLANG_WARN_QUOTED_INCLUDE_IN_FRAMEWORK_HEADER = YES;
				CLANG_WARN_RANGE_LOOP_ANALYSIS = YES;
				CLANG_WARN_STRICT_PROTOTYPES = YES;
				CLANG_WARN_SUSPICIOUS_MOVE = YES;
				CLANG_WARN_UNGUARDED_AVAILABILITY = YES_AGGRESSIVE;
				CLANG_WARN_UNREACHABLE_CODE = YES;
				CLANG_WARN__DUPLICATE_METHOD_MATCH = YES;
				COPY_PHASE_STRIP = NO;
				DEBUG_INFORMATION_FORMAT = "dwarf-with-dsym";
				ENABLE_NS_ASSERTIONS = NO;
				ENABLE_STRICT_OBJC_MSGSEND = YES;
				ENABLE_USER_SCRIPT_SANDBOXING = YES;
				GCC_C_LANGUAGE_STANDARD = gnu17;
				GCC_NO_COMMON_BLOCKS = YES;
				GCC_WARN_64_TO_32_BIT_CONVERSION = YES;
				GCC_WARN_ABOUT_RETURN_TYPE = YES_ERROR;
				GCC_WARN_UNDECLARED_SELECTOR = YES;
				GCC_WARN_UNINITIALIZED_AUTOS = YES_AGGRESSIVE;
				GCC_WARN_UNUSED_FUNCTION = YES;
				GCC_WARN_UNUSED_VARIABLE = YES;
				IPHONEOS_DEPLOYMENT_TARGET = 17.2;
				LOCALIZATION_PREFERS_STRING_CATALOGS = YES;
				MTL_ENABLE_DEBUG_INFO = NO;
				MTL_FAST_MATH = YES;
				SDKROOT = iphoneos;
				SWIFT_COMPILATION_MODE = wholemodule;
				VALIDATE_PRODUCT = YES;
			};
			name = Release;
		};
		BA9E1CC22DA0E04A00CC6B67 /* Debug */ = {
			isa = XCBuildConfiguration;
			buildSettings = {
				ASSETCATALOG_COMPILER_APPICON_NAME = AppIcon;
				ASSETCATALOG_COMPILER_GLOBAL_ACCENT_COLOR_NAME = AccentColor;
				ASSETCATALOG_COMPILER_INCLUDE_ALL_APPICON_ASSETS = NO;
				CODE_SIGN_ENTITLEMENTS = iNeedFood/iNeedFood.entitlements;
				CODE_SIGN_IDENTITY = "Apple Development";
				CODE_SIGN_STYLE = Automatic;
				CURRENT_PROJECT_VERSION = 1;
				DEVELOPMENT_ASSET_PATHS = "\"iNeedFood/Preview Content\"";
				DEVELOPMENT_TEAM = 5AKWKDVLC3;
				ENABLE_PREVIEWS = YES;
				GENERATE_INFOPLIST_FILE = YES;
				INFOPLIST_FILE = iNeedFood/Info.plist;
				INFOPLIST_KEY_CFBundleDisplayName = iNeedFood;
				INFOPLIST_KEY_UIApplicationSceneManifest_Generation = YES;
				INFOPLIST_KEY_UIApplicationSupportsIndirectInputEvents = YES;
				INFOPLIST_KEY_UILaunchScreen_Generation = YES;
				INFOPLIST_KEY_UISupportedInterfaceOrientations_iPad = "UIInterfaceOrientationPortrait UIInterfaceOrientationPortraitUpsideDown UIInterfaceOrientationLandscapeLeft UIInterfaceOrientationLandscapeRight";
				INFOPLIST_KEY_UISupportedInterfaceOrientations_iPhone = "UIInterfaceOrientationPortrait UIInterfaceOrientationLandscapeLeft UIInterfaceOrientationLandscapeRight";
				LD_RUNPATH_SEARCH_PATHS = (
					"$(inherited)",
					"@executable_path/Frameworks",
				);
				MARKETING_VERSION = 1.0;
				PRODUCT_BUNDLE_IDENTIFIER = BiggestLittleHackathon.iNeedFood;
				PRODUCT_NAME = "$(TARGET_NAME)";
				PROVISIONING_PROFILE_SPECIFIER = "";
				SWIFT_EMIT_LOC_STRINGS = YES;
				SWIFT_VERSION = 5.0;
				TARGETED_DEVICE_FAMILY = "1,2";
			};
			name = Debug;
		};
		BA9E1CC32DA0E04A00CC6B67 /* Release */ = {
			isa = XCBuildConfiguration;
			buildSettings = {
				ASSETCATALOG_COMPILER_APPICON_NAME = AppIcon;
				ASSETCATALOG_COMPILER_GLOBAL_ACCENT_COLOR_NAME = AccentColor;
				ASSETCATALOG_COMPILER_INCLUDE_ALL_APPICON_ASSETS = NO;
				CODE_SIGN_ENTITLEMENTS = iNeedFood/iNeedFood.entitlements;
				CODE_SIGN_IDENTITY = "Apple Development";
				CODE_SIGN_STYLE = Automatic;
				CURRENT_PROJECT_VERSION = 1;
				DEVELOPMENT_ASSET_PATHS = "\"iNeedFood/Preview Content\"";
				DEVELOPMENT_TEAM = 5AKWKDVLC3;
				ENABLE_PREVIEWS = YES;
				GENERATE_INFOPLIST_FILE = YES;
				INFOPLIST_FILE = iNeedFood/Info.plist;
				INFOPLIST_KEY_CFBundleDisplayName = iNeedFood;
				INFOPLIST_KEY_UIApplicationSceneManifest_Generation = YES;
				INFOPLIST_KEY_UIApplicationSupportsIndirectInputEvents = YES;
				INFOPLIST_KEY_UILaunchScreen_Generation = YES;
				INFOPLIST_KEY_UISupportedInterfaceOrientations_iPad = "UIInterfaceOrientationPortrait UIInterfaceOrientationPortraitUpsideDown UIInterfaceOrientationLandscapeLeft UIInterfaceOrientationLandscapeRight";
				INFOPLIST_KEY_UISupportedInterfaceOrientations_iPhone = "UIInterfaceOrientationPortrait UIInterfaceOrientationLandscapeLeft UIInterfaceOrientationLandscapeRight";
				LD_RUNPATH_SEARCH_PATHS = (
					"$(inherited)",
					"@executable_path/Frameworks",
				);
				MARKETING_VERSION = 1.0;
				PRODUCT_BUNDLE_IDENTIFIER = BiggestLittleHackathon.iNeedFood;
				PRODUCT_NAME = "$(TARGET_NAME)";
				PROVISIONING_PROFILE_SPECIFIER = "";
				SWIFT_EMIT_LOC_STRINGS = YES;
				SWIFT_VERSION = 5.0;
				TARGETED_DEVICE_FAMILY = "1,2";
			};
			name = Release;
		};
		BA9E1CC52DA0E04A00CC6B67 /* Debug */ = {
			isa = XCBuildConfiguration;
			buildSettings = {
				ALWAYS_EMBED_SWIFT_STANDARD_LIBRARIES = YES;
				BUNDLE_LOADER = "$(TEST_HOST)";
				CODE_SIGN_STYLE = Automatic;
				CURRENT_PROJECT_VERSION = 1;
				DEVELOPMENT_TEAM = 5AKWKDVLC3;
				GENERATE_INFOPLIST_FILE = YES;
				IPHONEOS_DEPLOYMENT_TARGET = 17.2;
				MARKETING_VERSION = 1.0;
				PRODUCT_BUNDLE_IDENTIFIER = BLH2025.iNeedFoodTests;
				PRODUCT_NAME = "$(TARGET_NAME)";
				SWIFT_EMIT_LOC_STRINGS = NO;
				SWIFT_VERSION = 5.0;
				TARGETED_DEVICE_FAMILY = "1,2";
				TEST_HOST = "$(BUILT_PRODUCTS_DIR)/iNeedFood.app/$(BUNDLE_EXECUTABLE_FOLDER_PATH)/iNeedFood";
			};
			name = Debug;
		};
		BA9E1CC62DA0E04A00CC6B67 /* Release */ = {
			isa = XCBuildConfiguration;
			buildSettings = {
				ALWAYS_EMBED_SWIFT_STANDARD_LIBRARIES = YES;
				BUNDLE_LOADER = "$(TEST_HOST)";
				CODE_SIGN_STYLE = Automatic;
				CURRENT_PROJECT_VERSION = 1;
				DEVELOPMENT_TEAM = 5AKWKDVLC3;
				GENERATE_INFOPLIST_FILE = YES;
				IPHONEOS_DEPLOYMENT_TARGET = 17.2;
				MARKETING_VERSION = 1.0;
				PRODUCT_BUNDLE_IDENTIFIER = BLH2025.iNeedFoodTests;
				PRODUCT_NAME = "$(TARGET_NAME)";
				SWIFT_EMIT_LOC_STRINGS = NO;
				SWIFT_VERSION = 5.0;
				TARGETED_DEVICE_FAMILY = "1,2";
				TEST_HOST = "$(BUILT_PRODUCTS_DIR)/iNeedFood.app/$(BUNDLE_EXECUTABLE_FOLDER_PATH)/iNeedFood";
			};
			name = Release;
		};
		BA9E1CC82DA0E04A00CC6B67 /* Debug */ = {
			isa = XCBuildConfiguration;
			buildSettings = {
				ALWAYS_EMBED_SWIFT_STANDARD_LIBRARIES = YES;
				CODE_SIGN_STYLE = Automatic;
				CURRENT_PROJECT_VERSION = 1;
				DEVELOPMENT_TEAM = 5AKWKDVLC3;
				GENERATE_INFOPLIST_FILE = YES;
				MARKETING_VERSION = 1.0;
				PRODUCT_BUNDLE_IDENTIFIER = BLH2025.iNeedFoodUITests;
				PRODUCT_NAME = "$(TARGET_NAME)";
				SWIFT_EMIT_LOC_STRINGS = NO;
				SWIFT_VERSION = 5.0;
				TARGETED_DEVICE_FAMILY = "1,2";
				TEST_TARGET_NAME = iNeedFood;
			};
			name = Debug;
		};
		BA9E1CC92DA0E04A00CC6B67 /* Release */ = {
			isa = XCBuildConfiguration;
			buildSettings = {
				ALWAYS_EMBED_SWIFT_STANDARD_LIBRARIES = YES;
				CODE_SIGN_STYLE = Automatic;
				CURRENT_PROJECT_VERSION = 1;
				DEVELOPMENT_TEAM = 5AKWKDVLC3;
				GENERATE_INFOPLIST_FILE = YES;
				MARKETING_VERSION = 1.0;
				PRODUCT_BUNDLE_IDENTIFIER = BLH2025.iNeedFoodUITests;
				PRODUCT_NAME = "$(TARGET_NAME)";
				SWIFT_EMIT_LOC_STRINGS = NO;
				SWIFT_VERSION = 5.0;
				TARGETED_DEVICE_FAMILY = "1,2";
				TEST_TARGET_NAME = iNeedFood;
			};
			name = Release;
		};
/* End XCBuildConfiguration section */

/* Begin XCConfigurationList section */
		BA9E1C942DA0E04800CC6B67 /* Build configuration list for PBXProject "iNeedFood" */ = {
			isa = XCConfigurationList;
			buildConfigurations = (
				BA9E1CBF2DA0E04A00CC6B67 /* Debug */,
				BA9E1CC02DA0E04A00CC6B67 /* Release */,
			);
			defaultConfigurationIsVisible = 0;
			defaultConfigurationName = Release;
		};
		BA9E1CC12DA0E04A00CC6B67 /* Build configuration list for PBXNativeTarget "iNeedFood" */ = {
			isa = XCConfigurationList;
			buildConfigurations = (
				BA9E1CC22DA0E04A00CC6B67 /* Debug */,
				BA9E1CC32DA0E04A00CC6B67 /* Release */,
			);
			defaultConfigurationIsVisible = 0;
			defaultConfigurationName = Release;
		};
		BA9E1CC42DA0E04A00CC6B67 /* Build configuration list for PBXNativeTarget "iNeedFoodTests" */ = {
			isa = XCConfigurationList;
			buildConfigurations = (
				BA9E1CC52DA0E04A00CC6B67 /* Debug */,
				BA9E1CC62DA0E04A00CC6B67 /* Release */,
			);
			defaultConfigurationIsVisible = 0;
			defaultConfigurationName = Release;
		};
		BA9E1CC72DA0E04A00CC6B67 /* Build configuration list for PBXNativeTarget "iNeedFoodUITests" */ = {
			isa = XCConfigurationList;
			buildConfigurations = (
				BA9E1CC82DA0E04A00CC6B67 /* Debug */,
				BA9E1CC92DA0E04A00CC6B67 /* Release */,
			);
			defaultConfigurationIsVisible = 0;
			defaultConfigurationName = Release;
		};
/* End XCConfigurationList section */
	};
	rootObject = BA9E1C912DA0E04800CC6B67 /* Project object */;
}
